{
  "nodes": {
    "base16": {
      "inputs": {
        "nixpkgs": [
          "stylix",
          "nixpkgs"
        ]
      },
      "locked": {
        "lastModified": 1658847131,
        "narHash": "sha256-X6Mml7cT0YR3WCD5fkUhpRVV5ZPcwdcDsND8r8xMqTE=",
        "owner": "SenchoPens",
        "repo": "base16.nix",
        "rev": "6b404cda2e04ca3cf5ca7b877af9c469e1386acb",
        "type": "github"
      },
      "original": {
        "owner": "SenchoPens",
        "repo": "base16.nix",
        "type": "github"
      }
    },
    "disko": {
      "inputs": {
        "nixpkgs": [
          "nixpkgs"
        ]
      },
      "locked": {
        "lastModified": 1682802069,
        "narHash": "sha256-hctikxnF3AvHckQqzNa/4YLHbNNrdC733VsTZPWeyTo=",
        "owner": "nix-community",
        "repo": "disko",
        "rev": "c917cb9cdb621f3b60a7ccc77729cab52250da81",
        "type": "github"
      },
      "original": {
        "owner": "nix-community",
        "repo": "disko",
        "type": "github"
      }
    },
    "flake-compat": {
      "flake": false,
      "locked": {
        "lastModified": 1673956053,
        "narHash": "sha256-4gtG9iQuiKITOjNQQeQIpoIB6b16fm+504Ch3sNKLd8=",
        "owner": "edolstra",
        "repo": "flake-compat",
        "rev": "35bb57c0c8d8b62bbfd284272c928ceb64ddbde9",
        "type": "github"
      },
      "original": {
        "owner": "edolstra",
        "repo": "flake-compat",
        "type": "github"
      }
    },
    "home-manager": {
      "inputs": {
        "nixpkgs": [
          "nixpkgs"
        ]
      },
      "locked": {
        "lastModified": 1682779989,
        "narHash": "sha256-H8AjcIBYFYrlRobYJ+n1B+ZJ6TsaaeZpuLn4iRqVvr4=",
        "owner": "nix-community",
        "repo": "home-manager",
        "rev": "3144311f31194b537808ae6848f86f3dbf977d59",
        "type": "github"
      },
      "original": {
        "owner": "nix-community",
        "repo": "home-manager",
        "type": "github"
      }
    },
    "hyprland": {
      "inputs": {
        "hyprland-protocols": "hyprland-protocols",
        "nixpkgs": [
          "nixpkgs"
        ],
        "wlroots": "wlroots",
        "xdph": "xdph"
      },
      "locked": {
        "lastModified": 1682813751,
        "narHash": "sha256-gwR5vd1rVD6W/3BXbVohrfZKKOhPtp66vthGIG9758Y=",
        "owner": "hyprwm",
        "repo": "Hyprland",
        "rev": "02312cac59e8b22a823043ef64a34bc9cf0eef02",
        "type": "github"
      },
      "original": {
        "owner": "hyprwm",
        "repo": "Hyprland",
        "type": "github"
      }
    },
    "hyprland-protocols": {
      "inputs": {
        "nixpkgs": [
          "hyprland",
          "nixpkgs"
        ]
      },
      "locked": {
        "lastModified": 1681065697,
        "narHash": "sha256-QPzwwlGKX95tl6ZEshboZbEwwAXww6lNLdVYd6T9Mrc=",
        "owner": "hyprwm",
        "repo": "hyprland-protocols",
        "rev": "4d29e48433270a2af06b8bc711ca1fe5109746cd",
        "type": "github"
      },
      "original": {
        "owner": "hyprwm",
        "repo": "hyprland-protocols",
        "type": "github"
      }
    },
    "nix-index-database": {
      "inputs": {
        "nixpkgs": [
          "nixpkgs"
        ]
      },
      "locked": {
        "lastModified": 1682417654,
        "narHash": "sha256-XtUhq1GTRzV7QebHkxjd7Z58E6lVEk6Iv1/pF/GnBB4=",
        "owner": "Mic92",
        "repo": "nix-index-database",
        "rev": "e3e320b19c192f40a5b98e8776e3870df62dee8a",
        "type": "github"
      },
      "original": {
        "owner": "Mic92",
        "repo": "nix-index-database",
        "type": "github"
      }
    },
    "nixos-hardware": {
      "locked": {
        "lastModified": 1682836095,
        "narHash": "sha256-PdzpJhuXBz71AgWNWMMYLbB8GMMce6QguhQY/6HOOcc=",
        "owner": "NixOS",
        "repo": "nixos-hardware",
        "rev": "e4a21ddcb45ee5f5c85a5d9e9698debf77fb98c3",
        "type": "github"
      },
      "original": {
        "owner": "NixOS",
        "repo": "nixos-hardware",
        "type": "github"
      }
    },
    "nixpkgs": {
      "locked": {
        "lastModified": 1682692304,
        "narHash": "sha256-9/lyXN2BpHw+1xE+D2ySBSLMCHWqiWu5tPHBMRDib8M=",
        "owner": "NixOS",
        "repo": "nixpkgs",
        "rev": "937a9d1ee7b1351d8c55fff6611a8edf6e7c1c37",
        "type": "github"
      },
      "original": {
        "owner": "NixOS",
        "ref": "nixos-unstable",
        "repo": "nixpkgs",
        "type": "github"
      }
    },
    "root": {
      "inputs": {
        "disko": "disko",
        "home-manager": "home-manager",
        "hyprland": "hyprland",
        "nix-index-database": "nix-index-database",
        "nixos-hardware": "nixos-hardware",
        "nixpkgs": "nixpkgs",
        "stylix": "stylix"
      }
    },
    "stylix": {
      "inputs": {
        "base16": "base16",
        "flake-compat": "flake-compat",
        "home-manager": [
          "home-manager"
        ],
        "nixpkgs": [
          "nixpkgs"
        ]
      },
      "locked": {
        "lastModified": 1682776045,
        "narHash": "sha256-GMvSpb01rEXIpN6bGD/FHm0JpUlD2/wDuHHvbx40Hh8=",
        "owner": "danth",
        "repo": "stylix",
        "rev": "76a8050ab2bf1f34e219e78f6b3d55a37870581f",
        "type": "github"
      },
      "original": {
        "owner": "danth",
        "repo": "stylix",
        "type": "github"
      }
    },
    "wlroots": {
      "flake": false,
      "locked": {
        "host": "gitlab.freedesktop.org",
        "lastModified": 1682436395,
        "narHash": "sha256-GGEjkQO9m7YLYIXIXM76HWdhjg4Ye+oafOtyaFAYKI4=",
        "owner": "wlroots",
        "repo": "wlroots",
        "rev": "6830bfc17fd94709e2cdd4da0af989f102a26e59",
        "type": "gitlab"
      },
      "original": {
        "host": "gitlab.freedesktop.org",
        "owner": "wlroots",
        "repo": "wlroots",
        "type": "gitlab"
      }
    },
    "xdph": {
      "inputs": {
        "hyprland-protocols": [
          "hyprland",
          "hyprland-protocols"
        ],
        "nixpkgs": [
          "hyprland",
          "nixpkgs"
        ]
      },
      "locked": {
        "lastModified": 1682439384,
        "narHash": "sha256-zHDa8LCZs05TZHQSIZ3ucwyMPglBGHcqTBzfkLjYXTM=",
        "owner": "hyprwm",
        "repo": "xdg-desktop-portal-hyprland",
        "rev": "c0e233955568fbea4e859336f6d3d14d51294d7c",
        "type": "github"
      },
      "original": {
        "owner": "hyprwm",
        "repo": "xdg-desktop-portal-hyprland",
        "type": "github"
      }
    }
  },
  "root": "root",
  "version": 7
}
